# This is a Gradle generated file for dependency locking.
# Manual edits can break the build and are not advised.
# This file is expected to be part of source control.
# To regenerate this file, run: ./gradlew :services:dependencies --write-locks
com.github.oowekyala.ooxml:nice-xml-messages:3.1=pmd
com.google.code.findbugs:jsr305:3.0.2=checkstyle
com.google.code.gson:gson:2.13.2=pmd
com.google.errorprone:error_prone_annotations:2.41.0=pmd
com.google.errorprone:error_prone_annotations:2.50.0=checkstyle
com.google.guava:failureaccess:1.0.3=checkstyle
com.google.guava:guava:33.7.1-jre=checkstyle
com.google.guava:listenablefuture:9999.0-empty-to-avoid-conflict-with-guava=checkstyle
com.google.j2objc:j2objc-annotations:3.1=checkstyle
com.puppycrawl.tools:checkstyle:14.1.0=checkstyle
commons-beanutils:commons-beanutils:1.11.0=checkstyle
commons-collections:commons-collections:3.2.2=checkstyle
info.picocli:picocli:4.7.7=checkstyle
net.sf.saxon:Saxon-HE:12.9=checkstyle,pmd
net.sourceforge.pmd:pmd-ant:7.24.0=pmd
net.sourceforge.pmd:pmd-core:7.24.0=pmd
net.sourceforge.pmd:pmd-java:7.24.0=pmd
org.antlr:antlr4-runtime:4.13.2=checkstyle
org.antlr:antlr4-runtime:4.9.3=pmd
org.apache.commons:commons-lang3:3.20.0=pmd
org.checkerframework:checker-qual:4.0.0=pmd
org.javassist:javassist:3.28.0-GA=checkstyle
org.jspecify:jspecify:1.0.1=checkstyle
org.ow2.asm:asm:9.9.1=pmd
org.pcollections:pcollections:4.0.2=pmd
org.reflections:reflections:0.10.2=checkstyle
org.slf4j:jul-to-slf4j:1.7.36=pmd
org.slf4j:slf4j-simple:2.0.18=checkstyle
org.xmlresolver:xmlresolver:5.3.3=checkstyle,pmd
empty=
